
Microsoft Visual Studio Solution File, Format Version 12.00
# Visual Studio Version 16
VisualStudioVersion = 16.0.32630.194
MinimumVisualStudioVersion = 10.0.40219.1
Project("{FAE04EC0-301F-11D3-BF4B-00C04F79EFBC}") = "ExcelDataExtraction", "ExcelDataExtraction.csproj", "{9E63B1F4-463A-425D-B0FE-7883F1517488}"
EndProject
Global
	GlobalSection(SolutionConfigurationPlatforms) = preSolution
		Debug|Any CPU = Debug|Any CPU
		Release|Any CPU = Release|Any CPU
	EndGlobalSection
	GlobalSection(ProjectConfigurationPlatforms) = postSolution
		{9E63B1F4-463A-425D-B0FE-7883F1517488}.Debug|Any CPU.ActiveCfg = Debug|Any CPU
		{9E63B1F4-463A-425D-B0FE-7883F1517488}.Debug|Any CPU.Build.0 = Debug|Any CPU
		{9E63B1F4-463A-425D-B0FE-7883F1517488}.Release|Any CPU.ActiveCfg = Release|Any CPU
		{9E63B1F4-463A-425D-B0FE-7883F1517488}.Release|Any CPU.Build.0 = Release|Any CPU
	EndGlobalSection
	GlobalSection(SolutionProperties) = preSolution
		HideSolutionNode = FALSE
	EndGlobalSection
	GlobalSection(ExtensibilityGlobals) = postSolution
		SolutionGuid = {B7866B11-5010-4E79-8C50-CD5EF9DF9C3C}
	EndGlobalSection
EndGlobal
